
Microsoft Visual Studio Solution File, Format Version 12.00
# Visual Studio Version 17
VisualStudioVersion = 17.4.33205.214
MinimumVisualStudioVersion = 10.0.40219.1
Project("{FAE04EC0-301F-11D3-BF4B-00C04F79EFBC}") = "SimpleSnake", "SimpleSnake\SimpleSnake.csproj", "{87249BF0-7CFB-45DB-84E1-3F1B872D7898}"
EndProject
Global
	GlobalSection(SolutionConfigurationPlatforms) = preSolution
		Debug|Any CPU = Debug|Any CPU
		Release|Any CPU = Release|Any CPU
	EndGlobalSection
	GlobalSection(ProjectConfigurationPlatforms) = postSolution
		{87249BF0-7CFB-45DB-84E1-3F1B872D7898}.Debug|Any CPU.ActiveCfg = Debug|Any CPU
		{87249BF0-7CFB-45DB-84E1-3F1B872D7898}.Debug|Any CPU.Build.0 = Debug|Any CPU
		{87249BF0-7CFB-45DB-84E1-3F1B872D7898}.Release|Any CPU.ActiveCfg = Release|Any CPU
		{87249BF0-7CFB-45DB-84E1-3F1B872D7898}.Release|Any CPU.Build.0 = Release|Any CPU
	EndGlobalSection
	GlobalSection(SolutionProperties) = preSolution
		HideSolutionNode = FALSE
	EndGlobalSection
	GlobalSection(ExtensibilityGlobals) = postSolution
		SolutionGuid = {91B03A5F-E37F-48F0-9425-1E44D0EAC127}
	EndGlobalSection
EndGlobal
